
Microsoft Visual Studio Solution File, Format Version 12.00
# Visual Studio Version 17
VisualStudioVersion = 17.8.34322.80
MinimumVisualStudioVersion = 10.0.40219.1
Project("{FAE04EC0-301F-11D3-BF4B-00C04F79EFBC}") = "git demo", "git demo\git demo.csproj", "{4939C070-13B4-44D4-821E-BCAF83B3B701}"
EndProject
Global
	GlobalSection(SolutionConfigurationPlatforms) = preSolution
		Debug|Any CPU = Debug|Any CPU
		Release|Any CPU = Release|Any CPU
	EndGlobalSection
	GlobalSection(ProjectConfigurationPlatforms) = postSolution
		{4939C070-13B4-44D4-821E-BCAF83B3B701}.Debug|Any CPU.ActiveCfg = Debug|Any CPU
		{4939C070-13B4-44D4-821E-BCAF83B3B701}.Debug|Any CPU.Build.0 = Debug|Any CPU
		{4939C070-13B4-44D4-821E-BCAF83B3B701}.Release|Any CPU.ActiveCfg = Release|Any CPU
		{4939C070-13B4-44D4-821E-BCAF83B3B701}.Release|Any CPU.Build.0 = Release|Any CPU
	EndGlobalSection
	GlobalSection(SolutionProperties) = preSolution
		HideSolutionNode = FALSE
	EndGlobalSection
	GlobalSection(ExtensibilityGlobals) = postSolution
		SolutionGuid = {BFB9ABA8-1B33-4E6E-A8F2-F89FD6D45169}
	EndGlobalSection
EndGlobal
